
Microsoft Visual Studio Solution File, Format Version 12.00
# Visual Studio Version 17
VisualStudioVersion = 17.9.34607.119
MinimumVisualStudioVersion = 10.0.40219.1
Project("{FAE04EC0-301F-11D3-BF4B-00C04F79EFBC}") = "CalculatorApplication", "CalculatorApplication\CalculatorApplication.csproj", "{9934B295-1F29-4D85-B48A-40CA82CF915A}"
EndProject
Global
	GlobalSection(SolutionConfigurationPlatforms) = preSolution
		Debug|Any CPU = Debug|Any CPU
		Release|Any CPU = Release|Any CPU
	EndGlobalSection
	GlobalSection(ProjectConfigurationPlatforms) = postSolution
		{9934B295-1F29-4D85-B48A-40CA82CF915A}.Debug|Any CPU.ActiveCfg = Debug|Any CPU
		{9934B295-1F29-4D85-B48A-40CA82CF915A}.Debug|Any CPU.Build.0 = Debug|Any CPU
		{9934B295-1F29-4D85-B48A-40CA82CF915A}.Release|Any CPU.ActiveCfg = Release|Any CPU
		{9934B295-1F29-4D85-B48A-40CA82CF915A}.Release|Any CPU.Build.0 = Release|Any CPU
	EndGlobalSection
	GlobalSection(SolutionProperties) = preSolution
		HideSolutionNode = FALSE
	EndGlobalSection
	GlobalSection(ExtensibilityGlobals) = postSolution
		SolutionGuid = {0BE8175B-254B-4CA9-A2EF-F4A57F6A1631}
	EndGlobalSection
EndGlobal
